<?xml version="1.0" encoding="utf-8"?>
<Project ToolsVersion="4.0" xmlns="http://schemas.microsoft.com/developer/msbuild/2003">
  <ItemGroup>
    <Filter Include="Core">
      <UniqueIdentifier>{2EB4837C-1AEB-840D-C3D7-6A10AFED000F}</UniqueIdentifier>
    </Filter>
    <Filter Include="Core\Application">
      <UniqueIdentifier>{F1A4822F-DD9D-A181-06D0-8606F227818D}</UniqueIdentifier>
    </Filter>
    <Filter Include="Core\Log">
      <UniqueIdentifier>{FF3299C2-EBFF-F3CD-1419-E2750045295C}</UniqueIdentifier>
    </Filter>
    <Filter Include="Core\Registry">
      <UniqueIdentifier>{36A16DCE-A261-E904-6B9C-3282D71B2EE1}</UniqueIdentifier>
    </Filter>
    <Filter Include="Event">
      <UniqueIdentifier>{E70B220D-5320-4ABE-1CA2-ED1D887546EF}</UniqueIdentifier>
    </Filter>
    <Filter Include="Input">
      <UniqueIdentifier>{953A660D-014F-8EBE-CAD0-311E36A48AEF}</UniqueIdentifier>
    </Filter>
    <Filter Include="Layer">
      <UniqueIdentifier>{6287950D-CE9B-BDBE-971D-611E03F1B9EF}</UniqueIdentifier>
    </Filter>
    <Filter Include="Module">
      <UniqueIdentifier>{0BB38DC3-F754-B899-E00F-CCEDCC503FEA}</UniqueIdentifier>
    </Filter>
    <Filter Include="Module\Interfaces">
      <UniqueIdentifier>{7E3A95C4-EA50-935A-33C8-1E7C9F1D64E2}</UniqueIdentifier>
    </Filter>
    <Filter Include="PCH">
      <UniqueIdentifier>{2010880B-8C19-887C-1595-9E7C819D937C}</UniqueIdentifier>
    </Filter>
    <Filter Include="SQLite">
      <UniqueIdentifier>{976C60CF-830E-8BA5-6CC9-9EF9580A12F6}</UniqueIdentifier>
    </Filter>
    <Filter Include="UI">
      <UniqueIdentifier>{83755900-6F01-880B-D8AF-880BC45A880B}</UniqueIdentifier>
    </Filter>
    <Filter Include="Window">
      <UniqueIdentifier>{3DEA79DA-298C-A4B0-1247-B804FE872B01}</UniqueIdentifier>
    </Filter>
  </ItemGroup>
  <ItemGroup>
    <ClInclude Include="Core\Application\Application.h">
      <Filter>Core\Application</Filter>
    </ClInclude>
    <ClInclude Include="Core\Globals.h">
      <Filter>Core</Filter>
    </ClInclude>
    <ClInclude Include="Core\Log\Log.h">
      <Filter>Core\Log</Filter>
    </ClInclude>
    <ClInclude Include="Core\Registry\Registry.h">
      <Filter>Core\Registry</Filter>
    </ClInclude>
    <ClInclude Include="Event\ApplicationEvent.h">
      <Filter>Event</Filter>
    </ClInclude>
    <ClInclude Include="Event\Event.h">
      <Filter>Event</Filter>
    </ClInclude>
    <ClInclude Include="Event\KeyEvent.h">
      <Filter>Event</Filter>
    </ClInclude>
    <ClInclude Include="Event\MouseEvent.h">
      <Filter>Event</Filter>
    </ClInclude>
    <ClInclude Include="Event\WindowEvent.h">
      <Filter>Event</Filter>
    </ClInclude>
    <ClInclude Include="Input\CoreInput.h">
      <Filter>Input</Filter>
    </ClInclude>
    <ClInclude Include="Input\GLFWInput.h">
      <Filter>Input</Filter>
    </ClInclude>
    <ClInclude Include="Input\Keycodes.h">
      <Filter>Input</Filter>
    </ClInclude>
    <ClInclude Include="Layer\Layer.h">
      <Filter>Layer</Filter>
    </ClInclude>
    <ClInclude Include="Layer\LayerStack.h">
      <Filter>Layer</Filter>
    </ClInclude>
    <ClInclude Include="Module\Interfaces\ModuleInterface.h">
      <Filter>Module\Interfaces</Filter>
    </ClInclude>
    <ClInclude Include="Module\Kernel.h">
      <Filter>Module</Filter>
    </ClInclude>
    <ClInclude Include="Module\Module.h">
      <Filter>Module</Filter>
    </ClInclude>
    <ClInclude Include="Module\QED.h">
      <Filter>Module</Filter>
    </ClInclude>
    <ClInclude Include="Module\QEDApi.h">
      <Filter>Module</Filter>
    </ClInclude>
    <ClInclude Include="PCH\EnginePCH.h">
      <Filter>PCH</Filter>
    </ClInclude>
    <ClInclude Include="SQLite\Database.h">
      <Filter>SQLite</Filter>
    </ClInclude>
    <ClInclude Include="UI\ImGuiLayer.h">
      <Filter>UI</Filter>
    </ClInclude>
    <ClInclude Include="Window\CoreWindow.h">
      <Filter>Window</Filter>
    </ClInclude>
    <ClInclude Include="Window\GLFWWindow.h">
      <Filter>Window</Filter>
    </ClInclude>
  </ItemGroup>
  <ItemGroup>
    <ClCompile Include="Core\Application\Application.cpp">
      <Filter>Core\Application</Filter>
    </ClCompile>
    <ClCompile Include="Core\Main.cpp">
      <Filter>Core</Filter>
    </ClCompile>
    <ClCompile Include="Core\Registry\Registry.cpp">
      <Filter>Core\Registry</Filter>
    </ClCompile>
    <ClCompile Include="Event\ApplicationEvent.cpp">
      <Filter>Event</Filter>
    </ClCompile>
    <ClCompile Include="Event\Event.cpp">
      <Filter>Event</Filter>
    </ClCompile>
    <ClCompile Include="Event\KeyEvent.cpp">
      <Filter>Event</Filter>
    </ClCompile>
    <ClCompile Include="Event\MouseEvent.cpp">
      <Filter>Event</Filter>
    </ClCompile>
    <ClCompile Include="Event\WindowEvent.cpp">
      <Filter>Event</Filter>
    </ClCompile>
    <ClCompile Include="Input\CoreInput.cpp">
      <Filter>Input</Filter>
    </ClCompile>
    <ClCompile Include="Input\GLFWInput.cpp">
      <Filter>Input</Filter>
    </ClCompile>
    <ClCompile Include="Layer\Layer.cpp">
      <Filter>Layer</Filter>
    </ClCompile>
    <ClCompile Include="Layer\LayerStack.cpp">
      <Filter>Layer</Filter>
    </ClCompile>
    <ClCompile Include="Module\Kernel.cpp">
      <Filter>Module</Filter>
    </ClCompile>
    <ClCompile Include="Module\Module.cpp">
      <Filter>Module</Filter>
    </ClCompile>
    <ClCompile Include="PCH\EnginePCH.cpp">
      <Filter>PCH</Filter>
    </ClCompile>
    <ClCompile Include="UI\ImGuiBuild.cpp">
      <Filter>UI</Filter>
    </ClCompile>
    <ClCompile Include="UI\ImGuiLayer.cpp">
      <Filter>UI</Filter>
    </ClCompile>
    <ClCompile Include="Window\GLFWWindow.cpp">
      <Filter>Window</Filter>
    </ClCompile>
    <ClCompile Include="Module\Interfaces\ModuleInterface.cpp" />
  </ItemGroup>
  <ItemGroup>
    <None Include="..\premake5.lua" />
  </ItemGroup>
</Project>