
Microsoft Visual Studio Solution File, Format Version 12.00
# Visual Studio Version 16
VisualStudioVersion = 16.0.29424.173
MinimumVisualStudioVersion = 10.0.40219.1
Project("{9A19103F-16F7-4668-BE54-9A1E7A4F7556}") = "BuildTool", "BuildTool.csproj", "{283A23DE-8B7E-4A75-BD2E-51372C6509AF}"
EndProject
Global
	GlobalSection(SolutionConfigurationPlatforms) = preSolution
		Debug|Any CPU = Debug|Any CPU
		Release|Any CPU = Release|Any CPU
	EndGlobalSection
	GlobalSection(ProjectConfigurationPlatforms) = postSolution
		{283A23DE-8B7E-4A75-BD2E-51372C6509AF}.Debug|Any CPU.ActiveCfg = Debug|Any CPU
		{283A23DE-8B7E-4A75-BD2E-51372C6509AF}.Debug|Any CPU.Build.0 = Debug|Any CPU
		{283A23DE-8B7E-4A75-BD2E-51372C6509AF}.Release|Any CPU.ActiveCfg = Release|Any CPU
		{283A23DE-8B7E-4A75-BD2E-51372C6509AF}.Release|Any CPU.Build.0 = Release|Any CPU
	EndGlobalSection
	GlobalSection(SolutionProperties) = preSolution
		HideSolutionNode = FALSE
	EndGlobalSection
	GlobalSection(ExtensibilityGlobals) = postSolution
		SolutionGuid = {DF9CB93B-45CA-460A-A045-11D6CD67B403}
	EndGlobalSection
EndGlobal
