<?xml version="1.0" encoding="utf-8"?>
<Project ToolsVersion="4.0" xmlns="http://schemas.microsoft.com/developer/msbuild/2003">
  <ItemGroup>
    <Filter Include="External">
      <UniqueIdentifier>{089DB854-F469-1360-1D83-010809AF48EE}</UniqueIdentifier>
    </Filter>
    <Filter Include="External\Vendor">
      <UniqueIdentifier>{45264389-B1B1-B04D-BAC2-334226CD0C4E}</UniqueIdentifier>
    </Filter>
    <Filter Include="External\Vendor\GLAD">
      <UniqueIdentifier>{EC939913-D822-23DD-8141-37D86DAF3383}</UniqueIdentifier>
    </Filter>
    <Filter Include="External\Vendor\GLAD\include">
      <UniqueIdentifier>{5FE7C16E-4BA2-B11A-F459-2A65E0F3FBAA}</UniqueIdentifier>
    </Filter>
    <Filter Include="External\Vendor\GLAD\include\KHR">
      <UniqueIdentifier>{538D2F42-3FDE-1A84-6842-094654F2ADED}</UniqueIdentifier>
    </Filter>
    <Filter Include="External\Vendor\GLAD\include\glad">
      <UniqueIdentifier>{C62D3188-329C-8607-7B85-4107E7327CA3}</UniqueIdentifier>
    </Filter>
    <Filter Include="External\Vendor\GLAD\src">
      <UniqueIdentifier>{0368F5AC-EF8C-442D-18D8-29BD045C434B}</UniqueIdentifier>
    </Filter>
  </ItemGroup>
  <ItemGroup>
    <ClInclude Include="..\..\External\Vendor\GLAD\include\KHR\khrplatform.h">
      <Filter>External\Vendor\GLAD\include\KHR</Filter>
    </ClInclude>
    <ClInclude Include="..\..\External\Vendor\GLAD\include\glad\glad.h">
      <Filter>External\Vendor\GLAD\include\glad</Filter>
    </ClInclude>
  </ItemGroup>
  <ItemGroup>
    <ClCompile Include="..\..\External\Vendor\GLAD\src\glad.c">
      <Filter>External\Vendor\GLAD\src</Filter>
    </ClCompile>
  </ItemGroup>
  <ItemGroup>
    <None Include="..\..\premake5.lua" />
  </ItemGroup>
</Project>