<?xml version="1.0" encoding="utf-8"?>
<Project ToolsVersion="4.0" xmlns="http://schemas.microsoft.com/developer/msbuild/2003">
  <ItemGroup>
    <Filter Include="External">
      <UniqueIdentifier>{089DB854-F469-1360-1D83-010809AF48EE}</UniqueIdentifier>
    </Filter>
    <Filter Include="External\Dependencies">
      <UniqueIdentifier>{9E8515F1-0AF2-D0EB-D3E5-68493F11F353}</UniqueIdentifier>
    </Filter>
    <Filter Include="External\Dependencies\ImGui">
      <UniqueIdentifier>{4839DFA3-B446-0D8A-3D2D-0975A939D940}</UniqueIdentifier>
    </Filter>
  </ItemGroup>
  <ItemGroup>
    <ClInclude Include="..\..\External\Dependencies\ImGui\imconfig.h">
      <Filter>External\Dependencies\ImGui</Filter>
    </ClInclude>
    <ClInclude Include="..\..\External\Dependencies\ImGui\imgui.h">
      <Filter>External\Dependencies\ImGui</Filter>
    </ClInclude>
    <ClInclude Include="..\..\External\Dependencies\ImGui\imgui_internal.h">
      <Filter>External\Dependencies\ImGui</Filter>
    </ClInclude>
    <ClInclude Include="..\..\External\Dependencies\ImGui\imstb_rectpack.h">
      <Filter>External\Dependencies\ImGui</Filter>
    </ClInclude>
    <ClInclude Include="..\..\External\Dependencies\ImGui\imstb_textedit.h">
      <Filter>External\Dependencies\ImGui</Filter>
    </ClInclude>
    <ClInclude Include="..\..\External\Dependencies\ImGui\imstb_truetype.h">
      <Filter>External\Dependencies\ImGui</Filter>
    </ClInclude>
  </ItemGroup>
  <ItemGroup>
    <ClCompile Include="..\..\External\Dependencies\ImGui\imgui.cpp">
      <Filter>External\Dependencies\ImGui</Filter>
    </ClCompile>
    <ClCompile Include="..\..\External\Dependencies\ImGui\imgui_demo.cpp">
      <Filter>External\Dependencies\ImGui</Filter>
    </ClCompile>
    <ClCompile Include="..\..\External\Dependencies\ImGui\imgui_draw.cpp">
      <Filter>External\Dependencies\ImGui</Filter>
    </ClCompile>
    <ClCompile Include="..\..\External\Dependencies\ImGui\imgui_widgets.cpp">
      <Filter>External\Dependencies\ImGui</Filter>
    </ClCompile>
  </ItemGroup>
  <ItemGroup>
    <None Include="..\..\premake5.lua" />
  </ItemGroup>
</Project>