<?xml version="1.0" encoding="utf-8"?>
<Project ToolsVersion="4.0" xmlns="http://schemas.microsoft.com/developer/msbuild/2003">
  <ItemGroup>
    <Filter Include="External">
      <UniqueIdentifier>{089DB854-F469-1360-1D83-010809AF48EE}</UniqueIdentifier>
    </Filter>
    <Filter Include="External\Vendor">
      <UniqueIdentifier>{45264389-B1B1-B04D-BAC2-334226CD0C4E}</UniqueIdentifier>
    </Filter>
    <Filter Include="External\Vendor\ImGui">
      <UniqueIdentifier>{2F7B0287-9BE7-BD81-64DB-55DFD006E0E9}</UniqueIdentifier>
    </Filter>
  </ItemGroup>
  <ItemGroup>
    <ClInclude Include="..\..\External\Vendor\ImGui\imconfig.h">
      <Filter>External\Vendor\ImGui</Filter>
    </ClInclude>
    <ClInclude Include="..\..\External\Vendor\ImGui\imgui.h">
      <Filter>External\Vendor\ImGui</Filter>
    </ClInclude>
    <ClInclude Include="..\..\External\Vendor\ImGui\imgui_internal.h">
      <Filter>External\Vendor\ImGui</Filter>
    </ClInclude>
    <ClInclude Include="..\..\External\Vendor\ImGui\imstb_rectpack.h">
      <Filter>External\Vendor\ImGui</Filter>
    </ClInclude>
    <ClInclude Include="..\..\External\Vendor\ImGui\imstb_textedit.h">
      <Filter>External\Vendor\ImGui</Filter>
    </ClInclude>
    <ClInclude Include="..\..\External\Vendor\ImGui\imstb_truetype.h">
      <Filter>External\Vendor\ImGui</Filter>
    </ClInclude>
  </ItemGroup>
  <ItemGroup>
    <ClCompile Include="..\..\External\Vendor\ImGui\imgui.cpp">
      <Filter>External\Vendor\ImGui</Filter>
    </ClCompile>
    <ClCompile Include="..\..\External\Vendor\ImGui\imgui_demo.cpp">
      <Filter>External\Vendor\ImGui</Filter>
    </ClCompile>
    <ClCompile Include="..\..\External\Vendor\ImGui\imgui_draw.cpp">
      <Filter>External\Vendor\ImGui</Filter>
    </ClCompile>
    <ClCompile Include="..\..\External\Vendor\ImGui\imgui_widgets.cpp">
      <Filter>External\Vendor\ImGui</Filter>
    </ClCompile>
  </ItemGroup>
  <ItemGroup>
    <None Include="..\..\premake5.lua" />
  </ItemGroup>
</Project>